PODS:
  - BATabBarController (2.0.2):
    - SnapKit
  - SnapKit (5.0.1)

DEPENDENCIES:
  - BATabBarController (~> 2.0.0)

SPEC REPOS:
  trunk:
    - BATabBarController
    - SnapKit

SPEC CHECKSUMS:
  BATabBarController: 7f50519b3743b4e779c71a8e147ac9e8c50e0c7d
  SnapKit: 97b92857e3df3a0c71833cce143274bf6ef8e5eb

PODFILE CHECKSUM: ed9cb0c77fa369b863fa36b50daed3e58a224d7e

COCOAPODS: 1.9.3
